// !$*UTF8*$!
{
	archiveVersion = 1;
	classes = {
	};
	objectVersion = 50;
	objects = {

/* Begin PBXBuildFile section */
		54140F1C212BAFAB007C753B /* FontCardView.swift in Sources */ = {isa = PBXBuildFile; fileRef = 54140F1B212BAFAB007C753B /* FontCardView.swift */; };
		54140F1E212BAFBC007C753B /* FontCardView.xib in Resources */ = {isa = PBXBuildFile; fileRef = 54140F1D212BAFBC007C753B /* FontCardView.xib */; };
		54140F20212BB2F6007C753B /* GameTableView.swift in Sources */ = {isa = PBXBuildFile; fileRef = 54140F1F212BB2F6007C753B /* GameTableView.swift */; };
		54140F22212BB302007C753B /* GameTableView.xib in Resources */ = {isa = PBXBuildFile; fileRef = 54140F21212BB302007C753B /* GameTableView.xib */; };
		54140F24212BB3E3007C753B /* TableKomaView.swift in Sources */ = {isa = PBXBuildFile; fileRef = 54140F23212BB3E3007C753B /* TableKomaView.swift */; };
		54140F26212BB3EF007C753B /* TableKomaView.xib in Resources */ = {isa = PBXBuildFile; fileRef = 54140F25212BB3EF007C753B /* TableKomaView.xib */; };
		542F441E21AF59D400C51AD6 /* MessageEditViewController.swift in Sources */ = {isa = PBXBuildFile; fileRef = 542F441D21AF59D400C51AD6 /* MessageEditViewController.swift */; };
		542F442221B2FC3900C51AD6 /* QuestList.plist in Resources */ = {isa = PBXBuildFile; fileRef = 542F442121B2FC3900C51AD6 /* QuestList.plist */; };
		542F443721B300DC00C51AD6 /* family（家族）.plist in Resources */ = {isa = PBXBuildFile; fileRef = 542F442321B300D900C51AD6 /* family（家族）.plist */; };
		542F443821B300DC00C51AD6 /* emotion（感情）.plist in Resources */ = {isa = PBXBuildFile; fileRef = 542F442421B300D900C51AD6 /* emotion（感情）.plist */; };
		542F443921B300DC00C51AD6 /* furniture（家具）.plist in Resources */ = {isa = PBXBuildFile; fileRef = 542F442521B300D900C51AD6 /* furniture（家具）.plist */; };
		542F443A21B300DC00C51AD6 /* time zone（時間帯）.plist in Resources */ = {isa = PBXBuildFile; fileRef = 542F442621B300D900C51AD6 /* time zone（時間帯）.plist */; };
		542F443B21B300DC00C51AD6 /* weather（天候）.plist in Resources */ = {isa = PBXBuildFile; fileRef = 542F442721B300D900C51AD6 /* weather（天候）.plist */; };
		542F443C21B300DC00C51AD6 /* crossword（クロスワード）①.plist in Resources */ = {isa = PBXBuildFile; fileRef = 542F442821B300DA00C51AD6 /* crossword（クロスワード）①.plist */; };
		542F443D21B300DC00C51AD6 /* calender（暦）①.plist in Resources */ = {isa = PBXBuildFile; fileRef = 542F442921B300DA00C51AD6 /* calender（暦）①.plist */; };
		542F443E21B300DC00C51AD6 /* nature（自然）.plist in Resources */ = {isa = PBXBuildFile; fileRef = 542F442A21B300DA00C51AD6 /* nature（自然）.plist */; };
		542F443F21B300DC00C51AD6 /* sports（スポーツ）①.plist in Resources */ = {isa = PBXBuildFile; fileRef = 542F442B21B300DA00C51AD6 /* sports（スポーツ）①.plist */; };
		542F444021B300DC00C51AD6 /* week（曜日）.plist in Resources */ = {isa = PBXBuildFile; fileRef = 542F442C21B300DA00C51AD6 /* week（曜日）.plist */; };
		542F444121B300DC00C51AD6 /* season（季節）.plist in Resources */ = {isa = PBXBuildFile; fileRef = 542F442D21B300DA00C51AD6 /* season（季節）.plist */; };
		542F444221B300DC00C51AD6 /* calender（暦）②.plist in Resources */ = {isa = PBXBuildFile; fileRef = 542F442E21B300DB00C51AD6 /* calender（暦）②.plist */; };
		542F444321B300DC00C51AD6 /* personality（人称）.plist in Resources */ = {isa = PBXBuildFile; fileRef = 542F442F21B300DB00C51AD6 /* personality（人称）.plist */; };
		542F444421B300DC00C51AD6 /* vehicle（陸用車）.plist in Resources */ = {isa = PBXBuildFile; fileRef = 542F443021B300DB00C51AD6 /* vehicle（陸用車）.plist */; };
		542F444521B300DC00C51AD6 /* チュートリアル.plist in Resources */ = {isa = PBXBuildFile; fileRef = 542F443121B300DB00C51AD6 /* チュートリアル.plist */; };
		542F444621B300DC00C51AD6 /* county（国）.plist in Resources */ = {isa = PBXBuildFile; fileRef = 542F443221B300DB00C51AD6 /* county（国）.plist */; };
		542F444721B300DC00C51AD6 /* direction（方角）.plist in Resources */ = {isa = PBXBuildFile; fileRef = 542F443321B300DB00C51AD6 /* direction（方角）.plist */; };
		542F444821B300DC00C51AD6 /* food（食べ物）.plist in Resources */ = {isa = PBXBuildFile; fileRef = 542F443421B300DB00C51AD6 /* food（食べ物）.plist */; };
		542F444921B300DC00C51AD6 /* number（数字）.plist in Resources */ = {isa = PBXBuildFile; fileRef = 542F443521B300DC00C51AD6 /* number（数字）.plist */; };
		542F444A21B300DC00C51AD6 /* crossword（クロスワード）②.plist in Resources */ = {isa = PBXBuildFile; fileRef = 542F443621B300DC00C51AD6 /* crossword（クロスワード）②.plist */; };
		542F444F21B57DA900C51AD6 /* QuestList_easy.plist in Resources */ = {isa = PBXBuildFile; fileRef = 542F444E21B57DA900C51AD6 /* QuestList_easy.plist */; };
		542F445121B57F9E00C51AD6 /* QuestList_normal.plist in Resources */ = {isa = PBXBuildFile; fileRef = 542F445021B57F9E00C51AD6 /* QuestList_normal.plist */; };
		542F446621B57FAD00C51AD6 /* animal（動物）.plist in Resources */ = {isa = PBXBuildFile; fileRef = 542F445221B57FA800C51AD6 /* animal（動物）.plist */; };
		542F446721B57FAD00C51AD6 /* standard（基本）.plist in Resources */ = {isa = PBXBuildFile; fileRef = 542F445321B57FA800C51AD6 /* standard（基本）.plist */; };
		542F446821B57FAD00C51AD6 /* cup（コップ）.plist in Resources */ = {isa = PBXBuildFile; fileRef = 542F445421B57FA900C51AD6 /* cup（コップ）.plist */; };
		542F446921B57FAD00C51AD6 /* ordinal numbers（序数）.plist in Resources */ = {isa = PBXBuildFile; fileRef = 542F445521B57FA900C51AD6 /* ordinal numbers（序数）.plist */; };
		542F446A21B57FAD00C51AD6 /* used up（使い切り）.plist in Resources */ = {isa = PBXBuildFile; fileRef = 542F445621B57FA900C51AD6 /* used up（使い切り）.plist */; };
		542F446B21B57FAD00C51AD6 /* crossword（クロスワード）④.plist in Resources */ = {isa = PBXBuildFile; fileRef = 542F445721B57FA900C51AD6 /* crossword（クロスワード）④.plist */; };
		542F446C21B57FAD00C51AD6 /* body（体）.plist in Resources */ = {isa = PBXBuildFile; fileRef = 542F445821B57FAA00C51AD6 /* body（体）.plist */; };
		542F446D21B57FAD00C51AD6 /* grow grass（草生える）.plist in Resources */ = {isa = PBXBuildFile; fileRef = 542F445921B57FAA00C51AD6 /* grow grass（草生える）.plist */; };
		542F446E21B57FAD00C51AD6 /* stationery（文房具）.plist in Resources */ = {isa = PBXBuildFile; fileRef = 542F445A21B57FAA00C51AD6 /* stationery（文房具）.plist */; };
		542F446F21B57FAD00C51AD6 /* cross（十字）.plist in Resources */ = {isa = PBXBuildFile; fileRef = 542F445B21B57FAA00C51AD6 /* cross（十字）.plist */; };
		542F447021B57FAD00C51AD6 /* b.plist in Resources */ = {isa = PBXBuildFile; fileRef = 542F445C21B57FAA00C51AD6 /* b.plist */; };
		542F447121B57FAD00C51AD6 /* fruit（果物）.plist in Resources */ = {isa = PBXBuildFile; fileRef = 542F445D21B57FAB00C51AD6 /* fruit（果物）.plist */; };
		542F447221B57FAD00C51AD6 /* vegetable（野菜）.plist in Resources */ = {isa = PBXBuildFile; fileRef = 542F445E21B57FAB00C51AD6 /* vegetable（野菜）.plist */; };
		542F447321B57FAD00C51AD6 /* cards（トランプ）.plist in Resources */ = {isa = PBXBuildFile; fileRef = 542F445F21B57FAB00C51AD6 /* cards（トランプ）.plist */; };
		542F447421B57FAD00C51AD6 /* dog（犬）.plist in Resources */ = {isa = PBXBuildFile; fileRef = 542F446021B57FAB00C51AD6 /* dog（犬）.plist */; };
		542F447521B57FAD00C51AD6 /* dessert（デザート）.plist in Resources */ = {isa = PBXBuildFile; fileRef = 542F446121B57FAC00C51AD6 /* dessert（デザート）.plist */; };
		542F447621B57FAD00C51AD6 /* halloween（ハロウィン）.plist in Resources */ = {isa = PBXBuildFile; fileRef = 542F446221B57FAC00C51AD6 /* halloween（ハロウィン）.plist */; };
		542F447721B57FAD00C51AD6 /* TTT（T縛り）.plist in Resources */ = {isa = PBXBuildFile; fileRef = 542F446321B57FAC00C51AD6 /* TTT（T縛り）.plist */; };
		542F447821B57FAD00C51AD6 /* behavior（行動）.plist in Resources */ = {isa = PBXBuildFile; fileRef = 542F446421B57FAD00C51AD6 /* behavior（行動）.plist */; };
		542F447921B57FAD00C51AD6 /* crossword（クロスワード）③.plist in Resources */ = {isa = PBXBuildFile; fileRef = 542F446521B57FAD00C51AD6 /* crossword（クロスワード）③.plist */; };
		544271CA218BCC6F00622897 /* GameTableView-15.xib in Resources */ = {isa = PBXBuildFile; fileRef = 544271C9218BCC6F00622897 /* GameTableView-15.xib */; };
		544271CC218C196B00622897 /* LoadViewController.swift in Sources */ = {isa = PBXBuildFile; fileRef = 544271CB218C196B00622897 /* LoadViewController.swift */; };
		544271CE218C1CA800622897 /* SaveViewController.swift in Sources */ = {isa = PBXBuildFile; fileRef = 544271CD218C1CA800622897 /* SaveViewController.swift */; };
		54433BDB2189D0C600CDBD3D /* EditViewController.swift in Sources */ = {isa = PBXBuildFile; fileRef = 54433BDA2189D0C600CDBD3D /* EditViewController.swift */; };
		5489AF5D212B007A00A7D275 /* ejdic-hand-utf8.txt in Resources */ = {isa = PBXBuildFile; fileRef = 5489AF5C212B007A00A7D275 /* ejdic-hand-utf8.txt */; };
		5489AF5F212B00B500A7D275 /* DataManager.swift in Sources */ = {isa = PBXBuildFile; fileRef = 5489AF5E212B00B500A7D275 /* DataManager.swift */; };
		5489AF61212B010B00A7D275 /* MPEDataManager.swift in Sources */ = {isa = PBXBuildFile; fileRef = 5489AF60212B010B00A7D275 /* MPEDataManager.swift */; };
		54CFB3DB20DE162B00057F08 /* HomeViewController.swift in Sources */ = {isa = PBXBuildFile; fileRef = 54CFB3DA20DE162B00057F08 /* HomeViewController.swift */; };
		54CFB3DD20DE164000057F08 /* HomeViewController.storyboard in Resources */ = {isa = PBXBuildFile; fileRef = 54CFB3DC20DE164000057F08 /* HomeViewController.storyboard */; };
		54CFB3DF20DE1F0B00057F08 /* BaseViewController.swift in Sources */ = {isa = PBXBuildFile; fileRef = 54CFB3DE20DE1F0B00057F08 /* BaseViewController.swift */; };
		54CFB3E120DE229E00057F08 /* WaitingViewController.swift in Sources */ = {isa = PBXBuildFile; fileRef = 54CFB3E020DE229E00057F08 /* WaitingViewController.swift */; };
		54CFB3E320DE22AF00057F08 /* WaitingViewController.storyboard in Resources */ = {isa = PBXBuildFile; fileRef = 54CFB3E220DE22AF00057F08 /* WaitingViewController.storyboard */; };
		54CFB3E520DE25E300057F08 /* StageSelectViewController.swift in Sources */ = {isa = PBXBuildFile; fileRef = 54CFB3E420DE25E300057F08 /* StageSelectViewController.swift */; };
		54CFB3E720DE25EB00057F08 /* StageSelectViewController.storyboard in Resources */ = {isa = PBXBuildFile; fileRef = 54CFB3E620DE25EB00057F08 /* StageSelectViewController.storyboard */; };
		54CFB3E920DE293C00057F08 /* GameViewController.swift in Sources */ = {isa = PBXBuildFile; fileRef = 54CFB3E820DE293C00057F08 /* GameViewController.swift */; };
		54CFB3EB20DE294700057F08 /* GameViewController.storyboard in Resources */ = {isa = PBXBuildFile; fileRef = 54CFB3EA20DE294700057F08 /* GameViewController.storyboard */; };
		54CFB3ED20DE2E4D00057F08 /* StudyModeViewController.swift in Sources */ = {isa = PBXBuildFile; fileRef = 54CFB3EC20DE2E4D00057F08 /* StudyModeViewController.swift */; };
		54CFB3EF20DE2E5E00057F08 /* StudyModeViewController.storyboard in Resources */ = {isa = PBXBuildFile; fileRef = 54CFB3EE20DE2E5E00057F08 /* StudyModeViewController.storyboard */; };
		54CFB3F120DE303800057F08 /* QuickQuestIntoroViewController.swift in Sources */ = {isa = PBXBuildFile; fileRef = 54CFB3F020DE303800057F08 /* QuickQuestIntoroViewController.swift */; };
		54CFB3F520DE31CE00057F08 /* QuickQuestViewController.swift in Sources */ = {isa = PBXBuildFile; fileRef = 54CFB3F420DE31CE00057F08 /* QuickQuestViewController.swift */; };
		54CFB3F720DE31DB00057F08 /* QuickQuestViewController.storyboard in Resources */ = {isa = PBXBuildFile; fileRef = 54CFB3F620DE31DB00057F08 /* QuickQuestViewController.storyboard */; };
		54CFB3F920DE334600057F08 /* DictViewController.swift in Sources */ = {isa = PBXBuildFile; fileRef = 54CFB3F820DE334600057F08 /* DictViewController.swift */; };
		54CFB3FB20DE335A00057F08 /* DictViewController.storyboard in Resources */ = {isa = PBXBuildFile; fileRef = 54CFB3FA20DE335A00057F08 /* DictViewController.storyboard */; };
		54CFB3FD20DE360700057F08 /* CustomViewController.swift in Sources */ = {isa = PBXBuildFile; fileRef = 54CFB3FC20DE360700057F08 /* CustomViewController.swift */; };
		54CFB3FF20DE361300057F08 /* CustomViewController.storyboard in Resources */ = {isa = PBXBuildFile; fileRef = 54CFB3FE20DE361300057F08 /* CustomViewController.storyboard */; };
		54CFB40120DE370A00057F08 /* SettingViewController.swift in Sources */ = {isa = PBXBuildFile; fileRef = 54CFB40020DE370A00057F08 /* SettingViewController.swift */; };
		54CFB40320DE371700057F08 /* SettingViewController.storyboard in Resources */ = {isa = PBXBuildFile; fileRef = 54CFB40220DE371700057F08 /* SettingViewController.storyboard */; };
		54CFB40520DE389200057F08 /* DataAggregateViewController.swift in Sources */ = {isa = PBXBuildFile; fileRef = 54CFB40420DE389200057F08 /* DataAggregateViewController.swift */; };
		54CFB40720DE38B300057F08 /* DataAggregateViewController.storyboard in Resources */ = {isa = PBXBuildFile; fileRef = 54CFB40620DE38B300057F08 /* DataAggregateViewController.storyboard */; };
		54CFB40920DE39B300057F08 /* SoundViewController.swift in Sources */ = {isa = PBXBuildFile; fileRef = 54CFB40820DE39B300057F08 /* SoundViewController.swift */; };
		54CFB40B20DE39D400057F08 /* SoundViewController.storyboard in Resources */ = {isa = PBXBuildFile; fileRef = 54CFB40A20DE39D400057F08 /* SoundViewController.storyboard */; };
		54CFB40D20DE3B1F00057F08 /* PurchaseViewController.swift in Sources */ = {isa = PBXBuildFile; fileRef = 54CFB40C20DE3B1F00057F08 /* PurchaseViewController.swift */; };
		54CFB40F20DE3B3100057F08 /* PurchaseViewController.storyboard in Resources */ = {isa = PBXBuildFile; fileRef = 54CFB40E20DE3B3100057F08 /* PurchaseViewController.storyboard */; };
		54D03E0E21A4EF1D00FD1CC4 /* TimePickerView.swift in Sources */ = {isa = PBXBuildFile; fileRef = 54D03E0D21A4EF1D00FD1CC4 /* TimePickerView.swift */; };
		54D03E1021A4EF3100FD1CC4 /* TimePickerView.xib in Resources */ = {isa = PBXBuildFile; fileRef = 54D03E0F21A4EF3100FD1CC4 /* TimePickerView.xib */; };
		54D9AEB420CF6185004FEBA2 /* AppDelegate.swift in Sources */ = {isa = PBXBuildFile; fileRef = 54D9AEB320CF6185004FEBA2 /* AppDelegate.swift */; };
		54D9AEB620CF6185004FEBA2 /* ViewController.swift in Sources */ = {isa = PBXBuildFile; fileRef = 54D9AEB520CF6185004FEBA2 /* ViewController.swift */; };
		54D9AEB920CF6185004FEBA2 /* Main.storyboard in Resources */ = {isa = PBXBuildFile; fileRef = 54D9AEB720CF6185004FEBA2 /* Main.storyboard */; };
		54D9AEBB20CF6186004FEBA2 /* Assets.xcassets in Resources */ = {isa = PBXBuildFile; fileRef = 54D9AEBA20CF6186004FEBA2 /* Assets.xcassets */; };
		54D9AEBE20CF6186004FEBA2 /* LaunchScreen.storyboard in Resources */ = {isa = PBXBuildFile; fileRef = 54D9AEBC20CF6186004FEBA2 /* LaunchScreen.storyboard */; };
		54D9AEC620CF6200004FEBA2 /* InfoPlist.strings in Resources */ = {isa = PBXBuildFile; fileRef = 54D9AEC520CF6200004FEBA2 /* InfoPlist.strings */; };
		54F3A6D521955AD200A1E01F /* EditPickerView.swift in Sources */ = {isa = PBXBuildFile; fileRef = 54F3A6D421955AD200A1E01F /* EditPickerView.swift */; };
		54F3A6D721955B3800A1E01F /* EditPickerView.xib in Resources */ = {isa = PBXBuildFile; fileRef = 54F3A6D621955B3800A1E01F /* EditPickerView.xib */; };
		54F3A6D92196C9F000A1E01F /* HitInfoView.swift in Sources */ = {isa = PBXBuildFile; fileRef = 54F3A6D82196C9F000A1E01F /* HitInfoView.swift */; };
		54F3A6DB2196CA0400A1E01F /* HitInfoView.xib in Resources */ = {isa = PBXBuildFile; fileRef = 54F3A6DA2196CA0400A1E01F /* HitInfoView.xib */; };
		54F3A6DF2196D53C00A1E01F /* TTTAttributedLabel.m in Sources */ = {isa = PBXBuildFile; fileRef = 54F3A6DE2196D53C00A1E01F /* TTTAttributedLabel.m */; };
		54F3A6E12197CDAF00A1E01F /* ConditionsPickerView.swift in Sources */ = {isa = PBXBuildFile; fileRef = 54F3A6E02197CDAF00A1E01F /* ConditionsPickerView.swift */; };
		54F3A6E32197CDC400A1E01F /* ConditionsPickerView.xib in Resources */ = {isa = PBXBuildFile; fileRef = 54F3A6E22197CDC400A1E01F /* ConditionsPickerView.xib */; };
/* End PBXBuildFile section */

/* Begin PBXFileReference section */
		54140F1B212BAFAB007C753B /* FontCardView.swift */ = {isa = PBXFileReference; lastKnownFileType = sourcecode.swift; path = FontCardView.swift; sourceTree = "<group>"; };
		54140F1D212BAFBC007C753B /* FontCardView.xib */ = {isa = PBXFileReference; lastKnownFileType = file.xib; path = FontCardView.xib; sourceTree = "<group>"; };
		54140F1F212BB2F6007C753B /* GameTableView.swift */ = {isa = PBXFileReference; lastKnownFileType = sourcecode.swift; path = GameTableView.swift; sourceTree = "<group>"; };
		54140F21212BB302007C753B /* GameTableView.xib */ = {isa = PBXFileReference; lastKnownFileType = file.xib; path = GameTableView.xib; sourceTree = "<group>"; };
		54140F23212BB3E3007C753B /* TableKomaView.swift */ = {isa = PBXFileReference; lastKnownFileType = sourcecode.swift; path = TableKomaView.swift; sourceTree = "<group>"; };
		54140F25212BB3EF007C753B /* TableKomaView.xib */ = {isa = PBXFileReference; lastKnownFileType = file.xib; path = TableKomaView.xib; sourceTree = "<group>"; };
		542F441D21AF59D400C51AD6 /* MessageEditViewController.swift */ = {isa = PBXFileReference; lastKnownFileType = sourcecode.swift; path = MessageEditViewController.swift; sourceTree = "<group>"; };
		542F442121B2FC3900C51AD6 /* QuestList.plist */ = {isa = PBXFileReference; lastKnownFileType = text.plist.xml; path = QuestList.plist; sourceTree = "<group>"; };
		542F442321B300D900C51AD6 /* family（家族）.plist */ = {isa = PBXFileReference; fileEncoding = 4; lastKnownFileType = text.plist.xml; path = "family（家族）.plist"; sourceTree = "<group>"; };
		542F442421B300D900C51AD6 /* emotion（感情）.plist */ = {isa = PBXFileReference; fileEncoding = 4; lastKnownFileType = text.plist.xml; path = "emotion（感情）.plist"; sourceTree = "<group>"; };
		542F442521B300D900C51AD6 /* furniture（家具）.plist */ = {isa = PBXFileReference; fileEncoding = 4; lastKnownFileType = text.plist.xml; path = "furniture（家具）.plist"; sourceTree = "<group>"; };
		542F442621B300D900C51AD6 /* time zone（時間帯）.plist */ = {isa = PBXFileReference; fileEncoding = 4; lastKnownFileType = text.plist.xml; path = "time zone（時間帯）.plist"; sourceTree = "<group>"; };
		542F442721B300D900C51AD6 /* weather（天候）.plist */ = {isa = PBXFileReference; fileEncoding = 4; lastKnownFileType = text.plist.xml; path = "weather（天候）.plist"; sourceTree = "<group>"; };
		542F442821B300DA00C51AD6 /* crossword（クロスワード）①.plist */ = {isa = PBXFileReference; fileEncoding = 4; lastKnownFileType = text.plist.xml; path = "crossword（クロスワード）①.plist"; sourceTree = "<group>"; };
		542F442921B300DA00C51AD6 /* calender（暦）①.plist */ = {isa = PBXFileReference; fileEncoding = 4; lastKnownFileType = text.plist.xml; path = "calender（暦）①.plist"; sourceTree = "<group>"; };
		542F442A21B300DA00C51AD6 /* nature（自然）.plist */ = {isa = PBXFileReference; fileEncoding = 4; lastKnownFileType = text.plist.xml; path = "nature（自然）.plist"; sourceTree = "<group>"; };
		542F442B21B300DA00C51AD6 /* sports（スポーツ）①.plist */ = {isa = PBXFileReference; fileEncoding = 4; lastKnownFileType = text.plist.xml; path = "sports（スポーツ）①.plist"; sourceTree = "<group>"; };
		542F442C21B300DA00C51AD6 /* week（曜日）.plist */ = {isa = PBXFileReference; fileEncoding = 4; lastKnownFileType = text.plist.xml; path = "week（曜日）.plist"; sourceTree = "<group>"; };
		542F442D21B300DA00C51AD6 /* season（季節）.plist */ = {isa = PBXFileReference; fileEncoding = 4; lastKnownFileType = text.plist.xml; path = "season（季節）.plist"; sourceTree = "<group>"; };
		542F442E21B300DB00C51AD6 /* calender（暦）②.plist */ = {isa = PBXFileReference; fileEncoding = 4; lastKnownFileType = text.plist.xml; path = "calender（暦）②.plist"; sourceTree = "<group>"; };
		542F442F21B300DB00C51AD6 /* personality（人称）.plist */ = {isa = PBXFileReference; fileEncoding = 4; lastKnownFileType = text.plist.xml; path = "personality（人称）.plist"; sourceTree = "<group>"; };
		542F443021B300DB00C51AD6 /* vehicle（陸用車）.plist */ = {isa = PBXFileReference; fileEncoding = 4; lastKnownFileType = text.plist.xml; path = "vehicle（陸用車）.plist"; sourceTree = "<group>"; };
		542F443121B300DB00C51AD6 /* チュートリアル.plist */ = {isa = PBXFileReference; fileEncoding = 4; lastKnownFileType = text.plist.xml; path = "チュートリアル.plist"; sourceTree = "<group>"; };
		542F443221B300DB00C51AD6 /* county（国）.plist */ = {isa = PBXFileReference; fileEncoding = 4; lastKnownFileType = text.plist.xml; path = "county（国）.plist"; sourceTree = "<group>"; };
		542F443321B300DB00C51AD6 /* direction（方角）.plist */ = {isa = PBXFileReference; fileEncoding = 4; lastKnownFileType = text.plist.xml; path = "direction（方角）.plist"; sourceTree = "<group>"; };
		542F443421B300DB00C51AD6 /* food（食べ物）.plist */ = {isa = PBXFileReference; fileEncoding = 4; lastKnownFileType = text.plist.xml; path = "food（食べ物）.plist"; sourceTree = "<group>"; };
		542F443521B300DC00C51AD6 /* number（数字）.plist */ = {isa = PBXFileReference; fileEncoding = 4; lastKnownFileType = text.plist.xml; path = "number（数字）.plist"; sourceTree = "<group>"; };
		542F443621B300DC00C51AD6 /* crossword（クロスワード）②.plist */ = {isa = PBXFileReference; fileEncoding = 4; lastKnownFileType = text.plist.xml; path = "crossword（クロスワード）②.plist"; sourceTree = "<group>"; };
		542F444E21B57DA900C51AD6 /* QuestList_easy.plist */ = {isa = PBXFileReference; fileEncoding = 4; lastKnownFileType = text.plist.xml; path = QuestList_easy.plist; sourceTree = "<group>"; };
		542F445021B57F9E00C51AD6 /* QuestList_normal.plist */ = {isa = PBXFileReference; fileEncoding = 4; lastKnownFileType = text.plist.xml; path = QuestList_normal.plist; sourceTree = "<group>"; };
		542F445221B57FA800C51AD6 /* animal（動物）.plist */ = {isa = PBXFileReference; fileEncoding = 4; lastKnownFileType = text.plist.xml; path = "animal（動物）.plist"; sourceTree = "<group>"; };
		542F445321B57FA800C51AD6 /* standard（基本）.plist */ = {isa = PBXFileReference; fileEncoding = 4; lastKnownFileType = text.plist.xml; path = "standard（基本）.plist"; sourceTree = "<group>"; };
		542F445421B57FA900C51AD6 /* cup（コップ）.plist */ = {isa = PBXFileReference; fileEncoding = 4; lastKnownFileType = text.plist.xml; path = "cup（コップ）.plist"; sourceTree = "<group>"; };
		542F445521B57FA900C51AD6 /* ordinal numbers（序数）.plist */ = {isa = PBXFileReference; fileEncoding = 4; lastKnownFileType = text.plist.xml; path = "ordinal numbers（序数）.plist"; sourceTree = "<group>"; };
		542F445621B57FA900C51AD6 /* used up（使い切り）.plist */ = {isa = PBXFileReference; fileEncoding = 4; lastKnownFileType = text.plist.xml; path = "used up（使い切り）.plist"; sourceTree = "<group>"; };
		542F445721B57FA900C51AD6 /* crossword（クロスワード）④.plist */ = {isa = PBXFileReference; fileEncoding = 4; lastKnownFileType = text.plist.xml; path = "crossword（クロスワード）④.plist"; sourceTree = "<group>"; };
		542F445821B57FAA00C51AD6 /* body（体）.plist */ = {isa = PBXFileReference; fileEncoding = 4; lastKnownFileType = text.plist.xml; path = "body（体）.plist"; sourceTree = "<group>"; };
		542F445921B57FAA00C51AD6 /* grow grass（草生える）.plist */ = {isa = PBXFileReference; fileEncoding = 4; lastKnownFileType = text.plist.xml; path = "grow grass（草生える）.plist"; sourceTree = "<group>"; };
		542F445A21B57FAA00C51AD6 /* stationery（文房具）.plist */ = {isa = PBXFileReference; fileEncoding = 4; lastKnownFileType = text.plist.xml; path = "stationery（文房具）.plist"; sourceTree = "<group>"; };
		542F445B21B57FAA00C51AD6 /* cross（十字）.plist */ = {isa = PBXFileReference; fileEncoding = 4; lastKnownFileType = text.plist.xml; path = "cross（十字）.plist"; sourceTree = "<group>"; };
		542F445C21B57FAA00C51AD6 /* b.plist */ = {isa = PBXFileReference; fileEncoding = 4; lastKnownFileType = text.plist.xml; path = b.plist; sourceTree = "<group>"; };
		542F445D21B57FAB00C51AD6 /* fruit（果物）.plist */ = {isa = PBXFileReference; fileEncoding = 4; lastKnownFileType = text.plist.xml; path = "fruit（果物）.plist"; sourceTree = "<group>"; };
		542F445E21B57FAB00C51AD6 /* vegetable（野菜）.plist */ = {isa = PBXFileReference; fileEncoding = 4; lastKnownFileType = text.plist.xml; path = "vegetable（野菜）.plist"; sourceTree = "<group>"; };
		542F445F21B57FAB00C51AD6 /* cards（トランプ）.plist */ = {isa = PBXFileReference; fileEncoding = 4; lastKnownFileType = text.plist.xml; path = "cards（トランプ）.plist"; sourceTree = "<group>"; };
		542F446021B57FAB00C51AD6 /* dog（犬）.plist */ = {isa = PBXFileReference; fileEncoding = 4; lastKnownFileType = text.plist.xml; path = "dog（犬）.plist"; sourceTree = "<group>"; };
		542F446121B57FAC00C51AD6 /* dessert（デザート）.plist */ = {isa = PBXFileReference; fileEncoding = 4; lastKnownFileType = text.plist.xml; path = "dessert（デザート）.plist"; sourceTree = "<group>"; };
		542F446221B57FAC00C51AD6 /* halloween（ハロウィン）.plist */ = {isa = PBXFileReference; fileEncoding = 4; lastKnownFileType = text.plist.xml; path = "halloween（ハロウィン）.plist"; sourceTree = "<group>"; };
		542F446321B57FAC00C51AD6 /* TTT（T縛り）.plist */ = {isa = PBXFileReference; fileEncoding = 4; lastKnownFileType = text.plist.xml; path = "TTT（T縛り）.plist"; sourceTree = "<group>"; };
		542F446421B57FAD00C51AD6 /* behavior（行動）.plist */ = {isa = PBXFileReference; fileEncoding = 4; lastKnownFileType = text.plist.xml; path = "behavior（行動）.plist"; sourceTree = "<group>"; };
		542F446521B57FAD00C51AD6 /* crossword（クロスワード）③.plist */ = {isa = PBXFileReference; fileEncoding = 4; lastKnownFileType = text.plist.xml; path = "crossword（クロスワード）③.plist"; sourceTree = "<group>"; };
		544271C9218BCC6F00622897 /* GameTableView-15.xib */ = {isa = PBXFileReference; fileEncoding = 4; lastKnownFileType = file.xib; path = "GameTableView-15.xib"; sourceTree = "<group>"; };
		544271CB218C196B00622897 /* LoadViewController.swift */ = {isa = PBXFileReference; lastKnownFileType = sourcecode.swift; path = LoadViewController.swift; sourceTree = "<group>"; };
		544271CD218C1CA800622897 /* SaveViewController.swift */ = {isa = PBXFileReference; lastKnownFileType = sourcecode.swift; path = SaveViewController.swift; sourceTree = "<group>"; };
		54433BDA2189D0C600CDBD3D /* EditViewController.swift */ = {isa = PBXFileReference; lastKnownFileType = sourcecode.swift; path = EditViewController.swift; sourceTree = "<group>"; };
		5489AF5C212B007A00A7D275 /* ejdic-hand-utf8.txt */ = {isa = PBXFileReference; fileEncoding = 4; lastKnownFileType = text; path = "ejdic-hand-utf8.txt"; sourceTree = "<group>"; };
		5489AF5E212B00B500A7D275 /* DataManager.swift */ = {isa = PBXFileReference; fileEncoding = 4; lastKnownFileType = sourcecode.swift; path = DataManager.swift; sourceTree = "<group>"; };
		5489AF60212B010B00A7D275 /* MPEDataManager.swift */ = {isa = PBXFileReference; lastKnownFileType = sourcecode.swift; path = MPEDataManager.swift; sourceTree = "<group>"; };
		54CFB3DA20DE162B00057F08 /* HomeViewController.swift */ = {isa = PBXFileReference; lastKnownFileType = sourcecode.swift; path = HomeViewController.swift; sourceTree = "<group>"; };
		54CFB3DC20DE164000057F08 /* HomeViewController.storyboard */ = {isa = PBXFileReference; lastKnownFileType = file.storyboard; path = HomeViewController.storyboard; sourceTree = "<group>"; };
		54CFB3DE20DE1F0B00057F08 /* BaseViewController.swift */ = {isa = PBXFileReference; lastKnownFileType = sourcecode.swift; path = BaseViewController.swift; sourceTree = "<group>"; };
		54CFB3E020DE229E00057F08 /* WaitingViewController.swift */ = {isa = PBXFileReference; lastKnownFileType = sourcecode.swift; path = WaitingViewController.swift; sourceTree = "<group>"; };
		54CFB3E220DE22AF00057F08 /* WaitingViewController.storyboard */ = {isa = PBXFileReference; lastKnownFileType = file.storyboard; path = WaitingViewController.storyboard; sourceTree = "<group>"; };
		54CFB3E420DE25E300057F08 /* StageSelectViewController.swift */ = {isa = PBXFileReference; lastKnownFileType = sourcecode.swift; path = StageSelectViewController.swift; sourceTree = "<group>"; };
		54CFB3E620DE25EB00057F08 /* StageSelectViewController.storyboard */ = {isa = PBXFileReference; lastKnownFileType = file.storyboard; path = StageSelectViewController.storyboard; sourceTree = "<group>"; };
		54CFB3E820DE293C00057F08 /* GameViewController.swift */ = {isa = PBXFileReference; lastKnownFileType = sourcecode.swift; path = GameViewController.swift; sourceTree = "<group>"; };
		54CFB3EA20DE294700057F08 /* GameViewController.storyboard */ = {isa = PBXFileReference; lastKnownFileType = file.storyboard; path = GameViewController.storyboard; sourceTree = "<group>"; };
		54CFB3EC20DE2E4D00057F08 /* StudyModeViewController.swift */ = {isa = PBXFileReference; lastKnownFileType = sourcecode.swift; path = StudyModeViewController.swift; sourceTree = "<group>"; };
		54CFB3EE20DE2E5E00057F08 /* StudyModeViewController.storyboard */ = {isa = PBXFileReference; lastKnownFileType = file.storyboard; path = StudyModeViewController.storyboard; sourceTree = "<group>"; };
		54CFB3F020DE303800057F08 /* QuickQuestIntoroViewController.swift */ = {isa = PBXFileReference; lastKnownFileType = sourcecode.swift; path = QuickQuestIntoroViewController.swift; sourceTree = "<group>"; };
		54CFB3F420DE31CE00057F08 /* QuickQuestViewController.swift */ = {isa = PBXFileReference; lastKnownFileType = sourcecode.swift; path = QuickQuestViewController.swift; sourceTree = "<group>"; };
		54CFB3F620DE31DB00057F08 /* QuickQuestViewController.storyboard */ = {isa = PBXFileReference; lastKnownFileType = file.storyboard; path = QuickQuestViewController.storyboard; sourceTree = "<group>"; };
		54CFB3F820DE334600057F08 /* DictViewController.swift */ = {isa = PBXFileReference; lastKnownFileType = sourcecode.swift; path = DictViewController.swift; sourceTree = "<group>"; };
		54CFB3FA20DE335A00057F08 /* DictViewController.storyboard */ = {isa = PBXFileReference; lastKnownFileType = file.storyboard; path = DictViewController.storyboard; sourceTree = "<group>"; };
		54CFB3FC20DE360700057F08 /* CustomViewController.swift */ = {isa = PBXFileReference; lastKnownFileType = sourcecode.swift; path = CustomViewController.swift; sourceTree = "<group>"; };
		54CFB3FE20DE361300057F08 /* CustomViewController.storyboard */ = {isa = PBXFileReference; lastKnownFileType = file.storyboard; path = CustomViewController.storyboard; sourceTree = "<group>"; };
		54CFB40020DE370A00057F08 /* SettingViewController.swift */ = {isa = PBXFileReference; lastKnownFileType = sourcecode.swift; path = SettingViewController.swift; sourceTree = "<group>"; };
		54CFB40220DE371700057F08 /* SettingViewController.storyboard */ = {isa = PBXFileReference; lastKnownFileType = file.storyboard; path = SettingViewController.storyboard; sourceTree = "<group>"; };
		54CFB40420DE389200057F08 /* DataAggregateViewController.swift */ = {isa = PBXFileReference; lastKnownFileType = sourcecode.swift; path = DataAggregateViewController.swift; sourceTree = "<group>"; };
		54CFB40620DE38B300057F08 /* DataAggregateViewController.storyboard */ = {isa = PBXFileReference; lastKnownFileType = file.storyboard; path = DataAggregateViewController.storyboard; sourceTree = "<group>"; };
		54CFB40820DE39B300057F08 /* SoundViewController.swift */ = {isa = PBXFileReference; lastKnownFileType = sourcecode.swift; path = SoundViewController.swift; sourceTree = "<group>"; };
		54CFB40A20DE39D400057F08 /* SoundViewController.storyboard */ = {isa = PBXFileReference; lastKnownFileType = file.storyboard; path = SoundViewController.storyboard; sourceTree = "<group>"; };
		54CFB40C20DE3B1F00057F08 /* PurchaseViewController.swift */ = {isa = PBXFileReference; lastKnownFileType = sourcecode.swift; path = PurchaseViewController.swift; sourceTree = "<group>"; };
		54CFB40E20DE3B3100057F08 /* PurchaseViewController.storyboard */ = {isa = PBXFileReference; lastKnownFileType = file.storyboard; path = PurchaseViewController.storyboard; sourceTree = "<group>"; };
		54D03E0D21A4EF1D00FD1CC4 /* TimePickerView.swift */ = {isa = PBXFileReference; lastKnownFileType = sourcecode.swift; path = TimePickerView.swift; sourceTree = "<group>"; };
		54D03E0F21A4EF3100FD1CC4 /* TimePickerView.xib */ = {isa = PBXFileReference; lastKnownFileType = file.xib; path = TimePickerView.xib; sourceTree = "<group>"; };
		54D9AEB020CF6185004FEBA2 /* mpe.app */ = {isa = PBXFileReference; explicitFileType = wrapper.application; includeInIndex = 0; path = mpe.app; sourceTree = BUILT_PRODUCTS_DIR; };
		54D9AEB320CF6185004FEBA2 /* AppDelegate.swift */ = {isa = PBXFileReference; lastKnownFileType = sourcecode.swift; path = AppDelegate.swift; sourceTree = "<group>"; };
		54D9AEB520CF6185004FEBA2 /* ViewController.swift */ = {isa = PBXFileReference; lastKnownFileType = sourcecode.swift; path = ViewController.swift; sourceTree = "<group>"; };
		54D9AEB820CF6185004FEBA2 /* Base */ = {isa = PBXFileReference; lastKnownFileType = file.storyboard; name = Base; path = Base.lproj/Main.storyboard; sourceTree = "<group>"; };
		54D9AEBA20CF6186004FEBA2 /* Assets.xcassets */ = {isa = PBXFileReference; lastKnownFileType = folder.assetcatalog; path = Assets.xcassets; sourceTree = "<group>"; };
		54D9AEBD20CF6186004FEBA2 /* Base */ = {isa = PBXFileReference; lastKnownFileType = file.storyboard; name = Base; path = Base.lproj/LaunchScreen.storyboard; sourceTree = "<group>"; };
		54D9AEBF20CF6186004FEBA2 /* Info.plist */ = {isa = PBXFileReference; lastKnownFileType = text.plist.xml; path = Info.plist; sourceTree = "<group>"; };
		54D9AEC520CF6200004FEBA2 /* InfoPlist.strings */ = {isa = PBXFileReference; fileEncoding = 4; lastKnownFileType = text.plist.strings; path = InfoPlist.strings; sourceTree = "<group>"; };
		54F3A6D421955AD200A1E01F /* EditPickerView.swift */ = {isa = PBXFileReference; lastKnownFileType = sourcecode.swift; path = EditPickerView.swift; sourceTree = "<group>"; };
		54F3A6D621955B3800A1E01F /* EditPickerView.xib */ = {isa = PBXFileReference; lastKnownFileType = file.xib; path = EditPickerView.xib; sourceTree = "<group>"; };
		54F3A6D82196C9F000A1E01F /* HitInfoView.swift */ = {isa = PBXFileReference; lastKnownFileType = sourcecode.swift; path = HitInfoView.swift; sourceTree = "<group>"; };
		54F3A6DA2196CA0400A1E01F /* HitInfoView.xib */ = {isa = PBXFileReference; lastKnownFileType = file.xib; path = HitInfoView.xib; sourceTree = "<group>"; };
		54F3A6DC2196D53A00A1E01F /* mpe-Bridging-Header.h */ = {isa = PBXFileReference; lastKnownFileType = sourcecode.c.h; path = "mpe-Bridging-Header.h"; sourceTree = "<group>"; };
		54F3A6DD2196D53B00A1E01F /* TTTAttributedLabel.h */ = {isa = PBXFileReference; fileEncoding = 4; lastKnownFileType = sourcecode.c.h; path = TTTAttributedLabel.h; sourceTree = "<group>"; };
		54F3A6DE2196D53C00A1E01F /* TTTAttributedLabel.m */ = {isa = PBXFileReference; fileEncoding = 4; lastKnownFileType = sourcecode.c.objc; path = TTTAttributedLabel.m; sourceTree = "<group>"; };
		54F3A6E02197CDAF00A1E01F /* ConditionsPickerView.swift */ = {isa = PBXFileReference; lastKnownFileType = sourcecode.swift; path = ConditionsPickerView.swift; sourceTree = "<group>"; };
		54F3A6E22197CDC400A1E01F /* ConditionsPickerView.xib */ = {isa = PBXFileReference; lastKnownFileType = file.xib; path = ConditionsPickerView.xib; sourceTree = "<group>"; };
/* End PBXFileReference section */

/* Begin PBXFrameworksBuildPhase section */
		54D9AEAD20CF6185004FEBA2 /* Frameworks */ = {
			isa = PBXFrameworksBuildPhase;
			buildActionMask = 2147483647;
			files = (
			);
			runOnlyForDeploymentPostprocessing = 0;
		};
/* End PBXFrameworksBuildPhase section */

/* Begin PBXGroup section */
		542F444B21B305EA00C51AD6 /* quest */ = {
			isa = PBXGroup;
			children = (
				542F444E21B57DA900C51AD6 /* QuestList_easy.plist */,
				542F445021B57F9E00C51AD6 /* QuestList_normal.plist */,
				542F442121B2FC3900C51AD6 /* QuestList.plist */,
				542F442921B300DA00C51AD6 /* calender（暦）①.plist */,
				542F442E21B300DB00C51AD6 /* calender（暦）②.plist */,
				542F443221B300DB00C51AD6 /* county（国）.plist */,
				542F442821B300DA00C51AD6 /* crossword（クロスワード）①.plist */,
				542F443621B300DC00C51AD6 /* crossword（クロスワード）②.plist */,
				542F443321B300DB00C51AD6 /* direction（方角）.plist */,
				542F442421B300D900C51AD6 /* emotion（感情）.plist */,
				542F442321B300D900C51AD6 /* family（家族）.plist */,
				542F443421B300DB00C51AD6 /* food（食べ物）.plist */,
				542F442521B300D900C51AD6 /* furniture（家具）.plist */,
				542F442A21B300DA00C51AD6 /* nature（自然）.plist */,
				542F443521B300DC00C51AD6 /* number（数字）.plist */,
				542F442F21B300DB00C51AD6 /* personality（人称）.plist */,
				542F442D21B300DA00C51AD6 /* season（季節）.plist */,
				542F442B21B300DA00C51AD6 /* sports（スポーツ）①.plist */,
				542F442621B300D900C51AD6 /* time zone（時間帯）.plist */,
				542F443021B300DB00C51AD6 /* vehicle（陸用車）.plist */,
				542F442721B300D900C51AD6 /* weather（天候）.plist */,
				542F442C21B300DA00C51AD6 /* week（曜日）.plist */,
				542F443121B300DB00C51AD6 /* チュートリアル.plist */,
				542F445221B57FA800C51AD6 /* animal（動物）.plist */,
				542F445C21B57FAA00C51AD6 /* b.plist */,
				542F446421B57FAD00C51AD6 /* behavior（行動）.plist */,
				542F445821B57FAA00C51AD6 /* body（体）.plist */,
				542F445F21B57FAB00C51AD6 /* cards（トランプ）.plist */,
				542F445B21B57FAA00C51AD6 /* cross（十字）.plist */,
				542F446521B57FAD00C51AD6 /* crossword（クロスワード）③.plist */,
				542F445721B57FA900C51AD6 /* crossword（クロスワード）④.plist */,
				542F445421B57FA900C51AD6 /* cup（コップ）.plist */,
				542F446121B57FAC00C51AD6 /* dessert（デザート）.plist */,
				542F446021B57FAB00C51AD6 /* dog（犬）.plist */,
				542F445D21B57FAB00C51AD6 /* fruit（果物）.plist */,
				542F445921B57FAA00C51AD6 /* grow grass（草生える）.plist */,
				542F446221B57FAC00C51AD6 /* halloween（ハロウィン）.plist */,
				542F445521B57FA900C51AD6 /* ordinal numbers（序数）.plist */,
				542F445321B57FA800C51AD6 /* standard（基本）.plist */,
				542F445A21B57FAA00C51AD6 /* stationery（文房具）.plist */,
				542F446321B57FAC00C51AD6 /* TTT（T縛り）.plist */,
				542F445621B57FA900C51AD6 /* used up（使い切り）.plist */,
				542F445E21B57FAB00C51AD6 /* vegetable（野菜）.plist */,
			);
			path = quest;
			sourceTree = "<group>";
		};
		54CFB41020DE3E5300057F08 /* 01_Home */ = {
			isa = PBXGroup;
			children = (
				54CFB3DA20DE162B00057F08 /* HomeViewController.swift */,
				54CFB3DC20DE164000057F08 /* HomeViewController.storyboard */,
			);
			path = 01_Home;
			sourceTree = "<group>";
		};
		54CFB41120DE3E7F00057F08 /* 02_Waiting */ = {
			isa = PBXGroup;
			children = (
				54CFB3E020DE229E00057F08 /* WaitingViewController.swift */,
				54CFB3E220DE22AF00057F08 /* WaitingViewController.storyboard */,
			);
			path = 02_Waiting;
			sourceTree = "<group>";
		};
		54CFB41220DE3E9200057F08 /* 03_StageSelect */ = {
			isa = PBXGroup;
			children = (
				54CFB3E420DE25E300057F08 /* StageSelectViewController.swift */,
				54CFB3E620DE25EB00057F08 /* StageSelectViewController.storyboard */,
			);
			path = 03_StageSelect;
			sourceTree = "<group>";
		};
		54CFB41320DE3EA700057F08 /* 04_Game */ = {
			isa = PBXGroup;
			children = (
				54CFB3EA20DE294700057F08 /* GameViewController.storyboard */,
				54CFB3E820DE293C00057F08 /* GameViewController.swift */,
				54F3A6D82196C9F000A1E01F /* HitInfoView.swift */,
				54F3A6DA2196CA0400A1E01F /* HitInfoView.xib */,
				54433BDA2189D0C600CDBD3D /* EditViewController.swift */,
				54F3A6E02197CDAF00A1E01F /* ConditionsPickerView.swift */,
				54F3A6E22197CDC400A1E01F /* ConditionsPickerView.xib */,
				54D03E0D21A4EF1D00FD1CC4 /* TimePickerView.swift */,
				54D03E0F21A4EF3100FD1CC4 /* TimePickerView.xib */,
				54F3A6D421955AD200A1E01F /* EditPickerView.swift */,
				54F3A6D621955B3800A1E01F /* EditPickerView.xib */,
				544271CD218C1CA800622897 /* SaveViewController.swift */,
				544271CB218C196B00622897 /* LoadViewController.swift */,
				542F441D21AF59D400C51AD6 /* MessageEditViewController.swift */,
				54140F1B212BAFAB007C753B /* FontCardView.swift */,
				54140F1D212BAFBC007C753B /* FontCardView.xib */,
				54140F1F212BB2F6007C753B /* GameTableView.swift */,
				54140F21212BB302007C753B /* GameTableView.xib */,
				544271C9218BCC6F00622897 /* GameTableView-15.xib */,
				54140F23212BB3E3007C753B /* TableKomaView.swift */,
				54140F25212BB3EF007C753B /* TableKomaView.xib */,
			);
			path = 04_Game;
			sourceTree = "<group>";
		};
		54CFB41420DE3EB800057F08 /* 05_StudyMode */ = {
			isa = PBXGroup;
			children = (
				54CFB3EC20DE2E4D00057F08 /* StudyModeViewController.swift */,
				54CFB3EE20DE2E5E00057F08 /* StudyModeViewController.storyboard */,
			);
			path = 05_StudyMode;
			sourceTree = "<group>";
		};
		54CFB41520DE3ED400057F08 /* 06_QuickQuest */ = {
			isa = PBXGroup;
			children = (
				54CFB3F020DE303800057F08 /* QuickQuestIntoroViewController.swift */,
				54CFB3F420DE31CE00057F08 /* QuickQuestViewController.swift */,
				54CFB3F620DE31DB00057F08 /* QuickQuestViewController.storyboard */,
			);
			path = 06_QuickQuest;
			sourceTree = "<group>";
		};
		54CFB41620DE3EF300057F08 /* 08_Dictionary */ = {
			isa = PBXGroup;
			children = (
				54CFB3F820DE334600057F08 /* DictViewController.swift */,
				54CFB3FA20DE335A00057F08 /* DictViewController.storyboard */,
			);
			path = 08_Dictionary;
			sourceTree = "<group>";
		};
		54CFB41720DE3F0400057F08 /* 09_Custom */ = {
			isa = PBXGroup;
			children = (
				54CFB3FC20DE360700057F08 /* CustomViewController.swift */,
				54CFB3FE20DE361300057F08 /* CustomViewController.storyboard */,
			);
			path = 09_Custom;
			sourceTree = "<group>";
		};
		54CFB41820DE3F1500057F08 /* 10_Setting */ = {
			isa = PBXGroup;
			children = (
				54CFB40020DE370A00057F08 /* SettingViewController.swift */,
				54CFB40220DE371700057F08 /* SettingViewController.storyboard */,
			);
			path = 10_Setting;
			sourceTree = "<group>";
		};
		54CFB41920DE3F2400057F08 /* 11_Data */ = {
			isa = PBXGroup;
			children = (
				54CFB40420DE389200057F08 /* DataAggregateViewController.swift */,
				54CFB40620DE38B300057F08 /* DataAggregateViewController.storyboard */,
			);
			path = 11_Data;
			sourceTree = "<group>";
		};
		54CFB41A20DE3F3500057F08 /* 12_Sound */ = {
			isa = PBXGroup;
			children = (
				54CFB40820DE39B300057F08 /* SoundViewController.swift */,
				54CFB40A20DE39D400057F08 /* SoundViewController.storyboard */,
			);
			path = 12_Sound;
			sourceTree = "<group>";
		};
		54CFB41B20DE3F4100057F08 /* 99_Purchase */ = {
			isa = PBXGroup;
			children = (
				54CFB40C20DE3B1F00057F08 /* PurchaseViewController.swift */,
				54CFB40E20DE3B3100057F08 /* PurchaseViewController.storyboard */,
			);
			path = 99_Purchase;
			sourceTree = "<group>";
		};
		54D9AEA720CF6185004FEBA2 = {
			isa = PBXGroup;
			children = (
				54D9AEB220CF6185004FEBA2 /* mpe */,
				54D9AEB120CF6185004FEBA2 /* Products */,
			);
			sourceTree = "<group>";
		};
		54D9AEB120CF6185004FEBA2 /* Products */ = {
			isa = PBXGroup;
			children = (
				54D9AEB020CF6185004FEBA2 /* mpe.app */,
			);
			name = Products;
			sourceTree = "<group>";
		};
		54D9AEB220CF6185004FEBA2 /* mpe */ = {
			isa = PBXGroup;
			children = (
				54F3A6DD2196D53B00A1E01F /* TTTAttributedLabel.h */,
				54F3A6DE2196D53C00A1E01F /* TTTAttributedLabel.m */,
				5489AF60212B010B00A7D275 /* MPEDataManager.swift */,
				5489AF5E212B00B500A7D275 /* DataManager.swift */,
				54D9AEB320CF6185004FEBA2 /* AppDelegate.swift */,
				54D9AEB520CF6185004FEBA2 /* ViewController.swift */,
				54CFB3DE20DE1F0B00057F08 /* BaseViewController.swift */,
				54D9AEB720CF6185004FEBA2 /* Main.storyboard */,
				54CFB41020DE3E5300057F08 /* 01_Home */,
				54CFB41120DE3E7F00057F08 /* 02_Waiting */,
				54CFB41220DE3E9200057F08 /* 03_StageSelect */,
				54CFB41320DE3EA700057F08 /* 04_Game */,
				54CFB41420DE3EB800057F08 /* 05_StudyMode */,
				54CFB41520DE3ED400057F08 /* 06_QuickQuest */,
				54CFB41620DE3EF300057F08 /* 08_Dictionary */,
				54CFB41720DE3F0400057F08 /* 09_Custom */,
				54CFB41820DE3F1500057F08 /* 10_Setting */,
				54CFB41920DE3F2400057F08 /* 11_Data */,
				54CFB41A20DE3F3500057F08 /* 12_Sound */,
				54CFB41B20DE3F4100057F08 /* 99_Purchase */,
				54D9AEBA20CF6186004FEBA2 /* Assets.xcassets */,
				54D9AEBC20CF6186004FEBA2 /* LaunchScreen.storyboard */,
				542F444B21B305EA00C51AD6 /* quest */,
				5489AF5C212B007A00A7D275 /* ejdic-hand-utf8.txt */,
				54D9AEC520CF6200004FEBA2 /* InfoPlist.strings */,
				54D9AEBF20CF6186004FEBA2 /* Info.plist */,
				54F3A6DC2196D53A00A1E01F /* mpe-Bridging-Header.h */,
			);
			path = mpe;
			sourceTree = "<group>";
		};
/* End PBXGroup section */

/* Begin PBXNativeTarget section */
		54D9AEAF20CF6185004FEBA2 /* mpe */ = {
			isa = PBXNativeTarget;
			buildConfigurationList = 54D9AEC220CF6186004FEBA2 /* Build configuration list for PBXNativeTarget "mpe" */;
			buildPhases = (
				54D9AEAC20CF6185004FEBA2 /* Sources */,
				54D9AEAD20CF6185004FEBA2 /* Frameworks */,
				54D9AEAE20CF6185004FEBA2 /* Resources */,
			);
			buildRules = (
			);
			dependencies = (
			);
			name = mpe;
			productName = mpe;
			productReference = 54D9AEB020CF6185004FEBA2 /* mpe.app */;
			productType = "com.apple.product-type.application";
		};
/* End PBXNativeTarget section */

/* Begin PBXProject section */
		54D9AEA820CF6185004FEBA2 /* Project object */ = {
			isa = PBXProject;
			attributes = {
				LastSwiftUpdateCheck = 0940;
				LastUpgradeCheck = 0940;
				ORGANIZATIONNAME = "北村 真二";
				TargetAttributes = {
					54D9AEAF20CF6185004FEBA2 = {
						CreatedOnToolsVersion = 9.4;
						LastSwiftMigration = 0940;
					};
				};
			};
			buildConfigurationList = 54D9AEAB20CF6185004FEBA2 /* Build configuration list for PBXProject "mpe" */;
			compatibilityVersion = "Xcode 9.3";
			developmentRegion = en;
			hasScannedForEncodings = 0;
			knownRegions = (
				en,
				Base,
			);
			mainGroup = 54D9AEA720CF6185004FEBA2;
			productRefGroup = 54D9AEB120CF6185004FEBA2 /* Products */;
			projectDirPath = "";
			projectRoot = "";
			targets = (
				54D9AEAF20CF6185004FEBA2 /* mpe */,
			);
		};
/* End PBXProject section */

/* Begin PBXResourcesBuildPhase section */
		54D9AEAE20CF6185004FEBA2 /* Resources */ = {
			isa = PBXResourcesBuildPhase;
			buildActionMask = 2147483647;
			files = (
				542F446E21B57FAD00C51AD6 /* stationery（文房具）.plist in Resources */,
				54140F22212BB302007C753B /* GameTableView.xib in Resources */,
				54CFB3E320DE22AF00057F08 /* WaitingViewController.storyboard in Resources */,
				542F443B21B300DC00C51AD6 /* weather（天候）.plist in Resources */,
				5489AF5D212B007A00A7D275 /* ejdic-hand-utf8.txt in Resources */,
				542F443E21B300DC00C51AD6 /* nature（自然）.plist in Resources */,
				54CFB3DD20DE164000057F08 /* HomeViewController.storyboard in Resources */,
				542F444021B300DC00C51AD6 /* week（曜日）.plist in Resources */,
				542F446A21B57FAD00C51AD6 /* used up（使い切り）.plist in Resources */,
				542F444721B300DC00C51AD6 /* direction（方角）.plist in Resources */,
				542F447721B57FAD00C51AD6 /* TTT（T縛り）.plist in Resources */,
				542F447821B57FAD00C51AD6 /* behavior（行動）.plist in Resources */,
				54D9AEBE20CF6186004FEBA2 /* LaunchScreen.storyboard in Resources */,
				54CFB3FB20DE335A00057F08 /* DictViewController.storyboard in Resources */,
				54CFB3FF20DE361300057F08 /* CustomViewController.storyboard in Resources */,
				542F444F21B57DA900C51AD6 /* QuestList_easy.plist in Resources */,
				542F443921B300DC00C51AD6 /* furniture（家具）.plist in Resources */,
				54CFB40720DE38B300057F08 /* DataAggregateViewController.storyboard in Resources */,
				54D03E1021A4EF3100FD1CC4 /* TimePickerView.xib in Resources */,
				542F447321B57FAD00C51AD6 /* cards（トランプ）.plist in Resources */,
				542F447021B57FAD00C51AD6 /* b.plist in Resources */,
				542F447421B57FAD00C51AD6 /* dog（犬）.plist in Resources */,
				542F443C21B300DC00C51AD6 /* crossword（クロスワード）①.plist in Resources */,
				54CFB40F20DE3B3100057F08 /* PurchaseViewController.storyboard in Resources */,
				542F444821B300DC00C51AD6 /* food（食べ物）.plist in Resources */,
				542F444321B300DC00C51AD6 /* personality（人称）.plist in Resources */,
				542F446621B57FAD00C51AD6 /* animal（動物）.plist in Resources */,
				542F446F21B57FAD00C51AD6 /* cross（十字）.plist in Resources */,
				542F446721B57FAD00C51AD6 /* standard（基本）.plist in Resources */,
				542F444921B300DC00C51AD6 /* number（数字）.plist in Resources */,
				542F443D21B300DC00C51AD6 /* calender（暦）①.plist in Resources */,
				54140F26212BB3EF007C753B /* TableKomaView.xib in Resources */,
				542F446921B57FAD00C51AD6 /* ordinal numbers（序数）.plist in Resources */,
				542F447121B57FAD00C51AD6 /* fruit（果物）.plist in Resources */,
				542F445121B57F9E00C51AD6 /* QuestList_normal.plist in Resources */,
				542F446D21B57FAD00C51AD6 /* grow grass（草生える）.plist in Resources */,
				542F443821B300DC00C51AD6 /* emotion（感情）.plist in Resources */,
				542F447221B57FAD00C51AD6 /* vegetable（野菜）.plist in Resources */,
				544271CA218BCC6F00622897 /* GameTableView-15.xib in Resources */,
				542F446C21B57FAD00C51AD6 /* body（体）.plist in Resources */,
				54CFB40B20DE39D400057F08 /* SoundViewController.storyboard in Resources */,
				54F3A6E32197CDC400A1E01F /* ConditionsPickerView.xib in Resources */,
				54CFB3F720DE31DB00057F08 /* QuickQuestViewController.storyboard in Resources */,
				542F442221B2FC3900C51AD6 /* QuestList.plist in Resources */,
				542F444521B300DC00C51AD6 /* チュートリアル.plist in Resources */,
				542F447921B57FAD00C51AD6 /* crossword（クロスワード）③.plist in Resources */,
				542F447521B57FAD00C51AD6 /* dessert（デザート）.plist in Resources */,
				54CFB3EF20DE2E5E00057F08 /* StudyModeViewController.storyboard in Resources */,
				542F443F21B300DC00C51AD6 /* sports（スポーツ）①.plist in Resources */,
				542F447621B57FAD00C51AD6 /* halloween（ハロウィン）.plist in Resources */,
				542F444121B300DC00C51AD6 /* season（季節）.plist in Resources */,
				54F3A6D721955B3800A1E01F /* EditPickerView.xib in Resources */,
				542F443721B300DC00C51AD6 /* family（家族）.plist in Resources */,
				542F444221B300DC00C51AD6 /* calender（暦）②.plist in Resources */,
				54D9AEC620CF6200004FEBA2 /* InfoPlist.strings in Resources */,
				542F444421B300DC00C51AD6 /* vehicle（陸用車）.plist in Resources */,
				54CFB40320DE371700057F08 /* SettingViewController.storyboard in Resources */,
				54CFB3E720DE25EB00057F08 /* StageSelectViewController.storyboard in Resources */,
				54CFB3EB20DE294700057F08 /* GameViewController.storyboard in Resources */,
				54140F1E212BAFBC007C753B /* FontCardView.xib in Resources */,
				542F446B21B57FAD00C51AD6 /* crossword（クロスワード）④.plist in Resources */,
				542F444A21B300DC00C51AD6 /* crossword（クロスワード）②.plist in Resources */,
				542F443A21B300DC00C51AD6 /* time zone（時間帯）.plist in Resources */,
				542F446821B57FAD00C51AD6 /* cup（コップ）.plist in Resources */,
				54D9AEBB20CF6186004FEBA2 /* Assets.xcassets in Resources */,
				54D9AEB920CF6185004FEBA2 /* Main.storyboard in Resources */,
				54F3A6DB2196CA0400A1E01F /* HitInfoView.xib in Resources */,
				542F444621B300DC00C51AD6 /* county（国）.plist in Resources */,
			);
			runOnlyForDeploymentPostprocessing = 0;
		};
/* End PBXResourcesBuildPhase section */

/* Begin PBXSourcesBuildPhase section */
		54D9AEAC20CF6185004FEBA2 /* Sources */ = {
			isa = PBXSourcesBuildPhase;
			buildActionMask = 2147483647;
			files = (
				54CFB3E920DE293C00057F08 /* GameViewController.swift in Sources */,
				544271CE218C1CA800622897 /* SaveViewController.swift in Sources */,
				544271CC218C196B00622897 /* LoadViewController.swift in Sources */,
				54CFB40D20DE3B1F00057F08 /* PurchaseViewController.swift in Sources */,
				54F3A6D521955AD200A1E01F /* EditPickerView.swift in Sources */,
				54CFB3E120DE229E00057F08 /* WaitingViewController.swift in Sources */,
				54CFB40520DE389200057F08 /* DataAggregateViewController.swift in Sources */,
				5489AF61212B010B00A7D275 /* MPEDataManager.swift in Sources */,
				54F3A6D92196C9F000A1E01F /* HitInfoView.swift in Sources */,
				54D9AEB620CF6185004FEBA2 /* ViewController.swift in Sources */,
				54CFB40920DE39B300057F08 /* SoundViewController.swift in Sources */,
				54CFB40120DE370A00057F08 /* SettingViewController.swift in Sources */,
				54F3A6E12197CDAF00A1E01F /* ConditionsPickerView.swift in Sources */,
				54CFB3FD20DE360700057F08 /* CustomViewController.swift in Sources */,
				54D03E0E21A4EF1D00FD1CC4 /* TimePickerView.swift in Sources */,
				54CFB3DF20DE1F0B00057F08 /* BaseViewController.swift in Sources */,
				5489AF5F212B00B500A7D275 /* DataManager.swift in Sources */,
				54140F20212BB2F6007C753B /* GameTableView.swift in Sources */,
				54D9AEB420CF6185004FEBA2 /* AppDelegate.swift in Sources */,
				54F3A6DF2196D53C00A1E01F /* TTTAttributedLabel.m in Sources */,
				54CFB3ED20DE2E4D00057F08 /* StudyModeViewController.swift in Sources */,
				54140F24212BB3E3007C753B /* TableKomaView.swift in Sources */,
				54CFB3DB20DE162B00057F08 /* HomeViewController.swift in Sources */,
				54CFB3F920DE334600057F08 /* DictViewController.swift in Sources */,
				54CFB3E520DE25E300057F08 /* StageSelectViewController.swift in Sources */,
				54CFB3F120DE303800057F08 /* QuickQuestIntoroViewController.swift in Sources */,
				54140F1C212BAFAB007C753B /* FontCardView.swift in Sources */,
				54433BDB2189D0C600CDBD3D /* EditViewController.swift in Sources */,
				542F441E21AF59D400C51AD6 /* MessageEditViewController.swift in Sources */,
				54CFB3F520DE31CE00057F08 /* QuickQuestViewController.swift in Sources */,
			);
			runOnlyForDeploymentPostprocessing = 0;
		};
/* End PBXSourcesBuildPhase section */

/* Begin PBXVariantGroup section */
		54D9AEB720CF6185004FEBA2 /* Main.storyboard */ = {
			isa = PBXVariantGroup;
			children = (
				54D9AEB820CF6185004FEBA2 /* Base */,
			);
			name = Main.storyboard;
			sourceTree = "<group>";
		};
		54D9AEBC20CF6186004FEBA2 /* LaunchScreen.storyboard */ = {
			isa = PBXVariantGroup;
			children = (
				54D9AEBD20CF6186004FEBA2 /* Base */,
			);
			name = LaunchScreen.storyboard;
			sourceTree = "<group>";
		};
/* End PBXVariantGroup section */

/* Begin XCBuildConfiguration section */
		54D9AEC020CF6186004FEBA2 /* Debug */ = {
			isa = XCBuildConfiguration;
			buildSettings = {
				ALWAYS_SEARCH_USER_PATHS = NO;
				CLANG_ANALYZER_NONNULL = YES;
				CLANG_ANALYZER_NUMBER_OBJECT_CONVERSION = YES_AGGRESSIVE;
				CLANG_CXX_LANGUAGE_STANDARD = "gnu++14";
				CLANG_CXX_LIBRARY = "libc++";
				CLANG_ENABLE_MODULES = YES;
				CLANG_ENABLE_OBJC_ARC = YES;
				CLANG_ENABLE_OBJC_WEAK = YES;
				CLANG_WARN_BLOCK_CAPTURE_AUTORELEASING = YES;
				CLANG_WARN_BOOL_CONVERSION = YES;
				CLANG_WARN_COMMA = YES;
				CLANG_WARN_CONSTANT_CONVERSION = YES;
				CLANG_WARN_DEPRECATED_OBJC_IMPLEMENTATIONS = YES;
				CLANG_WARN_DIRECT_OBJC_ISA_USAGE = YES_ERROR;
				CLANG_WARN_DOCUMENTATION_COMMENTS = YES;
				CLANG_WARN_EMPTY_BODY = YES;
				CLANG_WARN_ENUM_CONVERSION = YES;
				CLANG_WARN_INFINITE_RECURSION = YES;
				CLANG_WARN_INT_CONVERSION = YES;
				CLANG_WARN_NON_LITERAL_NULL_CONVERSION = YES;
				CLANG_WARN_OBJC_IMPLICIT_RETAIN_SELF = YES;
				CLANG_WARN_OBJC_LITERAL_CONVERSION = YES;
				CLANG_WARN_OBJC_ROOT_CLASS = YES_ERROR;
				CLANG_WARN_RANGE_LOOP_ANALYSIS = YES;
				CLANG_WARN_STRICT_PROTOTYPES = YES;
				CLANG_WARN_SUSPICIOUS_MOVE = YES;
				CLANG_WARN_UNGUARDED_AVAILABILITY = YES_AGGRESSIVE;
				CLANG_WARN_UNREACHABLE_CODE = YES;
				CLANG_WARN__DUPLICATE_METHOD_MATCH = YES;
				CODE_SIGN_IDENTITY = "iPhone Developer";
				COPY_PHASE_STRIP = NO;
				DEBUG_INFORMATION_FORMAT = dwarf;
				ENABLE_STRICT_OBJC_MSGSEND = YES;
				ENABLE_TESTABILITY = YES;
				GCC_C_LANGUAGE_STANDARD = gnu11;
				GCC_DYNAMIC_NO_PIC = NO;
				GCC_NO_COMMON_BLOCKS = YES;
				GCC_OPTIMIZATION_LEVEL = 0;
				GCC_PREPROCESSOR_DEFINITIONS = (
					"DEBUG=1",
					"$(inherited)",
				);
				GCC_WARN_64_TO_32_BIT_CONVERSION = YES;
				GCC_WARN_ABOUT_RETURN_TYPE = YES_ERROR;
				GCC_WARN_UNDECLARED_SELECTOR = YES;
				GCC_WARN_UNINITIALIZED_AUTOS = YES_AGGRESSIVE;
				GCC_WARN_UNUSED_FUNCTION = YES;
				GCC_WARN_UNUSED_VARIABLE = YES;
				IPHONEOS_DEPLOYMENT_TARGET = 11.4;
				MTL_ENABLE_DEBUG_INFO = YES;
				ONLY_ACTIVE_ARCH = YES;
				SDKROOT = iphoneos;
				SWIFT_ACTIVE_COMPILATION_CONDITIONS = DEBUG;
				SWIFT_OPTIMIZATION_LEVEL = "-Onone";
			};
			name = Debug;
		};
		54D9AEC120CF6186004FEBA2 /* Release */ = {
			isa = XCBuildConfiguration;
			buildSettings = {
				ALWAYS_SEARCH_USER_PATHS = NO;
				CLANG_ANALYZER_NONNULL = YES;
				CLANG_ANALYZER_NUMBER_OBJECT_CONVERSION = YES_AGGRESSIVE;
				CLANG_CXX_LANGUAGE_STANDARD = "gnu++14";
				CLANG_CXX_LIBRARY = "libc++";
				CLANG_ENABLE_MODULES = YES;
				CLANG_ENABLE_OBJC_ARC = YES;
				CLANG_ENABLE_OBJC_WEAK = YES;
				CLANG_WARN_BLOCK_CAPTURE_AUTORELEASING = YES;
				CLANG_WARN_BOOL_CONVERSION = YES;
				CLANG_WARN_COMMA = YES;
				CLANG_WARN_CONSTANT_CONVERSION = YES;
				CLANG_WARN_DEPRECATED_OBJC_IMPLEMENTATIONS = YES;
				CLANG_WARN_DIRECT_OBJC_ISA_USAGE = YES_ERROR;
				CLANG_WARN_DOCUMENTATION_COMMENTS = YES;
				CLANG_WARN_EMPTY_BODY = YES;
				CLANG_WARN_ENUM_CONVERSION = YES;
				CLANG_WARN_INFINITE_RECURSION = YES;
				CLANG_WARN_INT_CONVERSION = YES;
				CLANG_WARN_NON_LITERAL_NULL_CONVERSION = YES;
				CLANG_WARN_OBJC_IMPLICIT_RETAIN_SELF = YES;
				CLANG_WARN_OBJC_LITERAL_CONVERSION = YES;
				CLANG_WARN_OBJC_ROOT_CLASS = YES_ERROR;
				CLANG_WARN_RANGE_LOOP_ANALYSIS = YES;
				CLANG_WARN_STRICT_PROTOTYPES = YES;
				CLANG_WARN_SUSPICIOUS_MOVE = YES;
				CLANG_WARN_UNGUARDED_AVAILABILITY = YES_AGGRESSIVE;
				CLANG_WARN_UNREACHABLE_CODE = YES;
				CLANG_WARN__DUPLICATE_METHOD_MATCH = YES;
				CODE_SIGN_IDENTITY = "iPhone Developer";
				COPY_PHASE_STRIP = NO;
				DEBUG_INFORMATION_FORMAT = "dwarf-with-dsym";
				ENABLE_NS_ASSERTIONS = NO;
				ENABLE_STRICT_OBJC_MSGSEND = YES;
				GCC_C_LANGUAGE_STANDARD = gnu11;
				GCC_NO_COMMON_BLOCKS = YES;
				GCC_WARN_64_TO_32_BIT_CONVERSION = YES;
				GCC_WARN_ABOUT_RETURN_TYPE = YES_ERROR;
				GCC_WARN_UNDECLARED_SELECTOR = YES;
				GCC_WARN_UNINITIALIZED_AUTOS = YES_AGGRESSIVE;
				GCC_WARN_UNUSED_FUNCTION = YES;
				GCC_WARN_UNUSED_VARIABLE = YES;
				IPHONEOS_DEPLOYMENT_TARGET = 11.4;
				MTL_ENABLE_DEBUG_INFO = NO;
				SDKROOT = iphoneos;
				SWIFT_COMPILATION_MODE = wholemodule;
				SWIFT_OPTIMIZATION_LEVEL = "-O";
				VALIDATE_PRODUCT = YES;
			};
			name = Release;
		};
		54D9AEC320CF6186004FEBA2 /* Debug */ = {
			isa = XCBuildConfiguration;
			buildSettings = {
				ASSETCATALOG_COMPILER_APPICON_NAME = AppIcon;
				CLANG_ENABLE_MODULES = YES;
				CODE_SIGN_STYLE = Automatic;
				DEVELOPMENT_TEAM = 76FM2972SY;
				INFOPLIST_FILE = mpe/Info.plist;
				IPHONEOS_DEPLOYMENT_TARGET = 11.0;
				LD_RUNPATH_SEARCH_PATHS = (
					"$(inherited)",
					"@executable_path/Frameworks",
				);
				PRODUCT_BUNDLE_IDENTIFIER = shop.flowerpost.mpe;
				PRODUCT_NAME = "$(TARGET_NAME)";
				SWIFT_OBJC_BRIDGING_HEADER = "mpe/mpe-Bridging-Header.h";
				SWIFT_OPTIMIZATION_LEVEL = "-Onone";
				SWIFT_VERSION = 4.0;
				TARGETED_DEVICE_FAMILY = 1;
			};
			name = Debug;
		};
		54D9AEC420CF6186004FEBA2 /* Release */ = {
			isa = XCBuildConfiguration;
			buildSettings = {
				ASSETCATALOG_COMPILER_APPICON_NAME = AppIcon;
				CLANG_ENABLE_MODULES = YES;
				CODE_SIGN_STYLE = Automatic;
				DEVELOPMENT_TEAM = 76FM2972SY;
				INFOPLIST_FILE = mpe/Info.plist;
				IPHONEOS_DEPLOYMENT_TARGET = 11.0;
				LD_RUNPATH_SEARCH_PATHS = (
					"$(inherited)",
					"@executable_path/Frameworks",
				);
				PRODUCT_BUNDLE_IDENTIFIER = shop.flowerpost.mpe;
				PRODUCT_NAME = "$(TARGET_NAME)";
				SWIFT_OBJC_BRIDGING_HEADER = "mpe/mpe-Bridging-Header.h";
				SWIFT_VERSION = 4.0;
				TARGETED_DEVICE_FAMILY = 1;
			};
			name = Release;
		};
/* End XCBuildConfiguration section */

/* Begin XCConfigurationList section */
		54D9AEAB20CF6185004FEBA2 /* Build configuration list for PBXProject "mpe" */ = {
			isa = XCConfigurationList;
			buildConfigurations = (
				54D9AEC020CF6186004FEBA2 /* Debug */,
				54D9AEC120CF6186004FEBA2 /* Release */,
			);
			defaultConfigurationIsVisible = 0;
			defaultConfigurationName = Release;
		};
		54D9AEC220CF6186004FEBA2 /* Build configuration list for PBXNativeTarget "mpe" */ = {
			isa = XCConfigurationList;
			buildConfigurations = (
				54D9AEC320CF6186004FEBA2 /* Debug */,
				54D9AEC420CF6186004FEBA2 /* Release */,
			);
			defaultConfigurationIsVisible = 0;
			defaultConfigurationName = Release;
		};
/* End XCConfigurationList section */
	};
	rootObject = 54D9AEA820CF6185004FEBA2 /* Project object */;
}
